
Microsoft Visual Studio Solution File, Format Version 12.00
# Visual Studio Version 17
VisualStudioVersion = 17.14.36401.2 d17.14
MinimumVisualStudioVersion = 10.0.40219.1
Project("{FAE04EC0-301F-11D3-BF4B-00C04F79EFBC}") = "KutuphaneMvc", "KutuphaneMvc.csproj", "{012E72A0-31A3-46C4-AFD7-3DE999D1D222}"
EndProject
Global
	GlobalSection(SolutionConfigurationPlatforms) = preSolution
		Debug|Any CPU = Debug|Any CPU
		Release|Any CPU = Release|Any CPU
	EndGlobalSection
	GlobalSection(ProjectConfigurationPlatforms) = postSolution
		{012E72A0-31A3-46C4-AFD7-3DE999D1D222}.Debug|Any CPU.ActiveCfg = Debug|Any CPU
		{012E72A0-31A3-46C4-AFD7-3DE999D1D222}.Debug|Any CPU.Build.0 = Debug|Any CPU
		{012E72A0-31A3-46C4-AFD7-3DE999D1D222}.Release|Any CPU.ActiveCfg = Release|Any CPU
		{012E72A0-31A3-46C4-AFD7-3DE999D1D222}.Release|Any CPU.Build.0 = Release|Any CPU
	EndGlobalSection
	GlobalSection(SolutionProperties) = preSolution
		HideSolutionNode = FALSE
	EndGlobalSection
	GlobalSection(ExtensibilityGlobals) = postSolution
		SolutionGuid = {ADAF663F-379A-495B-99D0-CA068A1BB60E}
	EndGlobalSection
EndGlobal
